
Microsoft Visual Studio Solution File, Format Version 12.00
Project("{FAE04EC0-301F-11D3-BF4B-00C04F79EFBC}") = "ASP.netCoreWebAppMVC", "ASP.netCoreWebAppMVC\ASP.netCoreWebAppMVC.csproj", "{22826EB2-1732-4607-BF85-E61B4341EBCA}"
EndProject
Global
	GlobalSection(SolutionConfigurationPlatforms) = preSolution
		Debug|Any CPU = Debug|Any CPU
		Release|Any CPU = Release|Any CPU
	EndGlobalSection
	GlobalSection(ProjectConfigurationPlatforms) = postSolution
		{22826EB2-1732-4607-BF85-E61B4341EBCA}.Debug|Any CPU.ActiveCfg = Debug|Any CPU
		{22826EB2-1732-4607-BF85-E61B4341EBCA}.Debug|Any CPU.Build.0 = Debug|Any CPU
		{22826EB2-1732-4607-BF85-E61B4341EBCA}.Release|Any CPU.ActiveCfg = Release|Any CPU
		{22826EB2-1732-4607-BF85-E61B4341EBCA}.Release|Any CPU.Build.0 = Release|Any CPU
	EndGlobalSection
EndGlobal
